
Microsoft Visual Studio Solution File, Format Version 12.00
# Visual Studio 14
VisualStudioVersion = 14.0.24720.0
MinimumVisualStudioVersion = 10.0.40219.1
Project("{FAE04EC0-301F-11D3-BF4B-00C04F79EFBC}") = "Social.Addict.Web", "Social.Addict.Web\Social.Addict.Web.csproj", "{EAD237B4-77CA-435E-BDDA-351CA57F9CE5}"
EndProject
Project("{FAE04EC0-301F-11D3-BF4B-00C04F79EFBC}") = "Social.Addict.Web.Tests", "Social.Addict.Web.Tests\Social.Addict.Web.Tests.csproj", "{3718D477-AFB6-4BCC-9FAD-8168AF5236CF}"
EndProject
Project("{FAE04EC0-301F-11D3-BF4B-00C04F79EFBC}") = "Social.Addict.Data", "Social.Addict.Data\Social.Addict.Data.csproj", "{70705A67-E3BC-4A3E-A929-F6754DDAEC34}"
EndProject
Global
	GlobalSection(SolutionConfigurationPlatforms) = preSolution
		Debug|Any CPU = Debug|Any CPU
		Release|Any CPU = Release|Any CPU
	EndGlobalSection
	GlobalSection(ProjectConfigurationPlatforms) = postSolution
		{EAD237B4-77CA-435E-BDDA-351CA57F9CE5}.Debug|Any CPU.ActiveCfg = Debug|Any CPU
		{EAD237B4-77CA-435E-BDDA-351CA57F9CE5}.Debug|Any CPU.Build.0 = Debug|Any CPU
		{EAD237B4-77CA-435E-BDDA-351CA57F9CE5}.Release|Any CPU.ActiveCfg = Release|Any CPU
		{EAD237B4-77CA-435E-BDDA-351CA57F9CE5}.Release|Any CPU.Build.0 = Release|Any CPU
		{3718D477-AFB6-4BCC-9FAD-8168AF5236CF}.Debug|Any CPU.ActiveCfg = Debug|Any CPU
		{3718D477-AFB6-4BCC-9FAD-8168AF5236CF}.Debug|Any CPU.Build.0 = Debug|Any CPU
		{3718D477-AFB6-4BCC-9FAD-8168AF5236CF}.Release|Any CPU.ActiveCfg = Release|Any CPU
		{3718D477-AFB6-4BCC-9FAD-8168AF5236CF}.Release|Any CPU.Build.0 = Release|Any CPU
		{70705A67-E3BC-4A3E-A929-F6754DDAEC34}.Debug|Any CPU.ActiveCfg = Debug|Any CPU
		{70705A67-E3BC-4A3E-A929-F6754DDAEC34}.Debug|Any CPU.Build.0 = Debug|Any CPU
		{70705A67-E3BC-4A3E-A929-F6754DDAEC34}.Release|Any CPU.ActiveCfg = Release|Any CPU
		{70705A67-E3BC-4A3E-A929-F6754DDAEC34}.Release|Any CPU.Build.0 = Release|Any CPU
	EndGlobalSection
	GlobalSection(SolutionProperties) = preSolution
		HideSolutionNode = FALSE
	EndGlobalSection
EndGlobal
