
Microsoft Visual Studio Solution File, Format Version 12.00
# Visual Studio 14
VisualStudioVersion = 14.0.24720.0
MinimumVisualStudioVersion = 10.0.40219.1
Project("{FAE04EC0-301F-11D3-BF4B-00C04F79EFBC}") = "Social.Addict", "Social.Addict\Social.Addict.csproj", "{36C6FB5E-91FF-44C7-A100-9A621CB9FF01}"
EndProject
Project("{FAE04EC0-301F-11D3-BF4B-00C04F79EFBC}") = "Social.Addict.Tests", "Social.Addict.Tests\Social.Addict.Tests.csproj", "{F9DED7E0-BEB3-43DB-8381-814063FB2EA3}"
EndProject
Global
	GlobalSection(SolutionConfigurationPlatforms) = preSolution
		Debug|Any CPU = Debug|Any CPU
		Release|Any CPU = Release|Any CPU
	EndGlobalSection
	GlobalSection(ProjectConfigurationPlatforms) = postSolution
		{36C6FB5E-91FF-44C7-A100-9A621CB9FF01}.Debug|Any CPU.ActiveCfg = Debug|Any CPU
		{36C6FB5E-91FF-44C7-A100-9A621CB9FF01}.Debug|Any CPU.Build.0 = Debug|Any CPU
		{36C6FB5E-91FF-44C7-A100-9A621CB9FF01}.Release|Any CPU.ActiveCfg = Release|Any CPU
		{36C6FB5E-91FF-44C7-A100-9A621CB9FF01}.Release|Any CPU.Build.0 = Release|Any CPU
		{F9DED7E0-BEB3-43DB-8381-814063FB2EA3}.Debug|Any CPU.ActiveCfg = Debug|Any CPU
		{F9DED7E0-BEB3-43DB-8381-814063FB2EA3}.Debug|Any CPU.Build.0 = Debug|Any CPU
		{F9DED7E0-BEB3-43DB-8381-814063FB2EA3}.Release|Any CPU.ActiveCfg = Release|Any CPU
		{F9DED7E0-BEB3-43DB-8381-814063FB2EA3}.Release|Any CPU.Build.0 = Release|Any CPU
	EndGlobalSection
	GlobalSection(SolutionProperties) = preSolution
		HideSolutionNode = FALSE
	EndGlobalSection
EndGlobal
